
Microsoft Visual Studio Solution File, Format Version 12.00
# Visual Studio Version 17
VisualStudioVersion = 17.8.34601.278
MinimumVisualStudioVersion = 10.0.40219.1
Project("{FAE04EC0-301F-11D3-BF4B-00C04F79EFBC}") = "PersonInfo", "Interfaces\PersonInfo.csproj", "{204C06A2-4648-4304-AAC0-179BB4600BAC}"
EndProject
Project("{FAE04EC0-301F-11D3-BF4B-00C04F79EFBC}") = "Telephony", "Telephony\Telephony.csproj", "{C6B6ACAD-31A3-4F6D-A010-E44A12634F56}"
EndProject
Project("{FAE04EC0-301F-11D3-BF4B-00C04F79EFBC}") = "BorderControl", "BorderControl\BorderControl.csproj", "{C96AE74E-6E67-4216-A937-8DF139556F8A}"
EndProject
Project("{FAE04EC0-301F-11D3-BF4B-00C04F79EFBC}") = "ExplicitInterfaces", "ExplicitInterfaces\ExplicitInterfaces.csproj", "{B3E0BDD7-CD59-407B-8B3E-CD0108A9069B}"
EndProject
Project("{FAE04EC0-301F-11D3-BF4B-00C04F79EFBC}") = "Collections", "Collections\Collections.csproj", "{5FCDF41C-3C7A-4B5E-9E8B-DEF5637317C4}"
EndProject
Global
	GlobalSection(SolutionConfigurationPlatforms) = preSolution
		Debug|Any CPU = Debug|Any CPU
		Release|Any CPU = Release|Any CPU
	EndGlobalSection
	GlobalSection(ProjectConfigurationPlatforms) = postSolution
		{204C06A2-4648-4304-AAC0-179BB4600BAC}.Debug|Any CPU.ActiveCfg = Debug|Any CPU
		{204C06A2-4648-4304-AAC0-179BB4600BAC}.Debug|Any CPU.Build.0 = Debug|Any CPU
		{204C06A2-4648-4304-AAC0-179BB4600BAC}.Release|Any CPU.ActiveCfg = Release|Any CPU
		{204C06A2-4648-4304-AAC0-179BB4600BAC}.Release|Any CPU.Build.0 = Release|Any CPU
		{C6B6ACAD-31A3-4F6D-A010-E44A12634F56}.Debug|Any CPU.ActiveCfg = Debug|Any CPU
		{C6B6ACAD-31A3-4F6D-A010-E44A12634F56}.Debug|Any CPU.Build.0 = Debug|Any CPU
		{C6B6ACAD-31A3-4F6D-A010-E44A12634F56}.Release|Any CPU.ActiveCfg = Release|Any CPU
		{C6B6ACAD-31A3-4F6D-A010-E44A12634F56}.Release|Any CPU.Build.0 = Release|Any CPU
		{C96AE74E-6E67-4216-A937-8DF139556F8A}.Debug|Any CPU.ActiveCfg = Debug|Any CPU
		{C96AE74E-6E67-4216-A937-8DF139556F8A}.Debug|Any CPU.Build.0 = Debug|Any CPU
		{C96AE74E-6E67-4216-A937-8DF139556F8A}.Release|Any CPU.ActiveCfg = Release|Any CPU
		{C96AE74E-6E67-4216-A937-8DF139556F8A}.Release|Any CPU.Build.0 = Release|Any CPU
		{B3E0BDD7-CD59-407B-8B3E-CD0108A9069B}.Debug|Any CPU.ActiveCfg = Debug|Any CPU
		{B3E0BDD7-CD59-407B-8B3E-CD0108A9069B}.Debug|Any CPU.Build.0 = Debug|Any CPU
		{B3E0BDD7-CD59-407B-8B3E-CD0108A9069B}.Release|Any CPU.ActiveCfg = Release|Any CPU
		{B3E0BDD7-CD59-407B-8B3E-CD0108A9069B}.Release|Any CPU.Build.0 = Release|Any CPU
		{5FCDF41C-3C7A-4B5E-9E8B-DEF5637317C4}.Debug|Any CPU.ActiveCfg = Debug|Any CPU
		{5FCDF41C-3C7A-4B5E-9E8B-DEF5637317C4}.Debug|Any CPU.Build.0 = Debug|Any CPU
		{5FCDF41C-3C7A-4B5E-9E8B-DEF5637317C4}.Release|Any CPU.ActiveCfg = Release|Any CPU
		{5FCDF41C-3C7A-4B5E-9E8B-DEF5637317C4}.Release|Any CPU.Build.0 = Release|Any CPU
	EndGlobalSection
	GlobalSection(SolutionProperties) = preSolution
		HideSolutionNode = FALSE
	EndGlobalSection
	GlobalSection(ExtensibilityGlobals) = postSolution
		SolutionGuid = {8DD219BE-5EBE-462C-85A8-B38573204D18}
	EndGlobalSection
EndGlobal
